{
  "object": {
    "pins": [
      {
        "package": "Vinyl",
        "repositoryURL": "https://github.com/Velhotes/Vinyl",
        "state": {
          "branch": "master",
          "revision": "ea1685c97c3a71620f10453ef2b58f8ab20b3ced",
          "version": null
        }
      }
    ]
  },
  "version": 1
}
