PODS:
  - CNIOAtomics (1.11.0)
  - CNIODarwin (1.11.0)
  - CNIOHTTPParser (1.11.0)
  - CNIOLinux (1.11.0)
  - CNIOSHA1 (1.11.0)
  - CNIOZlib (1.11.0)
  - SwiftNIO (1.11.0):
    - CNIOAtomics (= 1.11.0)
    - CNIODarwin (= 1.11.0)
    - CNIOLinux (= 1.11.0)
    - CNIOSHA1 (= 1.11.0)
    - SwiftNIOConcurrencyHelpers (= 1.11.0)
  - SwiftNIOConcurrencyHelpers (1.11.0):
    - CNIOAtomics (= 1.11.0)
  - SwiftNIOHTTP1 (1.11.0):
    - CNIOHTTPParser (= 1.11.0)
    - CNIOZlib (= 1.11.0)
    - SwiftNIO (= 1.11.0)
    - SwiftNIOConcurrencyHelpers (= 1.11.0)
  - SwiftNIOMock (0.0.1):
    - SwiftNIO (~> 1.11.0)
    - SwiftNIOHTTP1 (~> 1.11.0)
  - Vinyl (0.10.3)

DEPENDENCIES:
  - SwiftNIOMock (from `../`)
  - Vinyl (from `https://github.com/Velhotes/Vinyl.git`)

SPEC REPOS:
  https://github.com/cocoapods/specs.git:
    - CNIOAtomics
    - CNIODarwin
    - CNIOHTTPParser
    - CNIOLinux
    - CNIOSHA1
    - CNIOZlib
    - SwiftNIO
    - SwiftNIOConcurrencyHelpers
    - SwiftNIOHTTP1

EXTERNAL SOURCES:
  SwiftNIOMock:
    :path: "../"
  Vinyl:
    :git: https://github.com/Velhotes/Vinyl.git

CHECKOUT OPTIONS:
  Vinyl:
    :commit: ea1685c97c3a71620f10453ef2b58f8ab20b3ced
    :git: https://github.com/Velhotes/Vinyl.git

SPEC CHECKSUMS:
  CNIOAtomics: f3b4a0f94ea9755057dbb2b8753dee2a43eff01a
  CNIODarwin: c069a78874e4578494398db9d95a088e9b8379ec
  CNIOHTTPParser: d805a8ea353ea5aa06f53864fe79ff4f0cd0183a
  CNIOLinux: e63dcaefb04fe079d81c47bd728bbdfd72f792d4
  CNIOSHA1: 16bf979ed130fd3aaed6585a3583eeffa9be7f2e
  CNIOZlib: aa36196b388175fdabb468bda5e614f221664dac
  SwiftNIO: 83f2274c0396a0bb184e6ad4999e2c0e986ee952
  SwiftNIOConcurrencyHelpers: 4ecdd3334b0793c90a26d9fd3382cff22eef0ea1
  SwiftNIOHTTP1: 8e2cb7b5d9d539081cc0be8c28f21aee0988bce0
  SwiftNIOMock: e8043081f386a6ea1c928858e5572173c58b6057
  Vinyl: 6b6c62b5f8986d147860814216702bfcb3ffd0bc

PODFILE CHECKSUM: fcedaed7fc50046709f23ac2f18393b9e5cd4f5a

COCOAPODS: 1.6.0.beta.2
