{
  "object": {
    "pins": [
      {
        "package": "Chalk",
        "repositoryURL": "https://github.com/mxcl/Chalk.git",
        "state": {
          "branch": null,
          "revision": "9aa9f348b86db3cf6702a3e43c081ecec80cf3c7",
          "version": "0.4.0"
        }
      },
      {
        "package": "CommonParsers",
        "repositoryURL": "https://github.com/ilyapuchka/common-parsers.git",
        "state": {
          "branch": "master",
          "revision": "2386ef5d444746ad77a70296d878683ae0f9c9a2",
          "version": null
        }
      },
      {
        "package": "FileCheck",
        "repositoryURL": "https://github.com/llvm-swift/FileCheck.git",
        "state": {
          "branch": null,
          "revision": "9ed91cc30a1a325d989fac117f3f3065a16b9f76",
          "version": "0.2.3"
        }
      },
      {
        "package": "swift-nio",
        "repositoryURL": "https://github.com/apple/swift-nio.git",
        "state": {
          "branch": null,
          "revision": "ba7970fe396e8198b84c6c1b44b38a1d4e2eb6bd",
          "version": "1.14.1"
        }
      },
      {
        "package": "swift-nio-zlib-support",
        "repositoryURL": "https://github.com/apple/swift-nio-zlib-support.git",
        "state": {
          "branch": null,
          "revision": "37760e9a52030bb9011972c5213c3350fa9d41fd",
          "version": "1.0.0"
        }
      },
      {
        "package": "Prelude",
        "repositoryURL": "https://github.com/pointfreeco/swift-prelude.git",
        "state": {
          "branch": null,
          "revision": "9240a1f951c382e1c7387762c6cd94042baba531",
          "version": null
        }
      },
      {
        "package": "swift-tools-support-core",
        "repositoryURL": "https://github.com/apple/swift-tools-support-core.git",
        "state": {
          "branch": null,
          "revision": "693aba4c4c9dcc4767cc853a0dd38bf90ad8c258",
          "version": "0.0.1"
        }
      },
      {
        "package": "SwiftCheck",
        "repositoryURL": "https://github.com/typelift/SwiftCheck",
        "state": {
          "branch": null,
          "revision": "077c096c3ddfc38db223ac8e525ad16ffb987138",
          "version": "0.12.0"
        }
      },
      {
        "package": "SwiftNIOMock",
        "repositoryURL": "/Users/ilya.puchka/dev/SwiftNIOMock",
        "state": {
          "branch": "master",
          "revision": "2df9f947fb0041c5be6cbb7b1397b2c9a0fe6857",
          "version": null
        }
      },
      {
        "package": "URLFormat",
        "repositoryURL": "https://github.com/ilyapuchka/URLFormat.git",
        "state": {
          "branch": "master",
          "revision": "a9674f8869631d393837db6899b4ce8649d4dc84",
          "version": null
        }
      },
      {
        "package": "Vinyl",
        "repositoryURL": "https://github.com/Velhotes/Vinyl",
        "state": {
          "branch": "master",
          "revision": "ebcec23c80087dc6539b8fb262316b4cfd8e772d",
          "version": null
        }
      }
    ]
  },
  "version": 1
}
